<Solution>
  <Folder Name="/apps/">
    <Project Path="apps/ToolsUpdater/ToolsUpdater.csproj" />
  </Folder>
  <Folder Name="/Solution Items/">
    <File Path=".editorconfig" />
    <File Path="Directory.Packages.props" />
  </Folder>
  <Project Path="IsoCreator/IsoCreator.csproj" />
  <Project Path="WPILibInstaller-Avalonia/WPILibInstaller-Avalonia.csproj" />
</Solution>
